
Microsoft Visual Studio Solution File, Format Version 12.00
# Visual Studio Version 17
VisualStudioVersion = 17.8.34511.84
MinimumVisualStudioVersion = 10.0.40219.1
Project("{FAE04EC0-301F-11D3-BF4B-00C04F79EFBC}") = "ATV4_CJ3022447", "ATV4_CJ3022447\ATV4_CJ3022447.csproj", "{6C4A8093-91AA-4079-82E2-A036FCD868EA}"
EndProject
Global
	GlobalSection(SolutionConfigurationPlatforms) = preSolution
		Debug|Any CPU = Debug|Any CPU
		Release|Any CPU = Release|Any CPU
	EndGlobalSection
	GlobalSection(ProjectConfigurationPlatforms) = postSolution
		{6C4A8093-91AA-4079-82E2-A036FCD868EA}.Debug|Any CPU.ActiveCfg = Debug|Any CPU
		{6C4A8093-91AA-4079-82E2-A036FCD868EA}.Debug|Any CPU.Build.0 = Debug|Any CPU
		{6C4A8093-91AA-4079-82E2-A036FCD868EA}.Release|Any CPU.ActiveCfg = Release|Any CPU
		{6C4A8093-91AA-4079-82E2-A036FCD868EA}.Release|Any CPU.Build.0 = Release|Any CPU
	EndGlobalSection
	GlobalSection(SolutionProperties) = preSolution
		HideSolutionNode = FALSE
	EndGlobalSection
	GlobalSection(ExtensibilityGlobals) = postSolution
		SolutionGuid = {D1E7A564-DF22-4651-8EBB-1DC23827331D}
	EndGlobalSection
EndGlobal
